// !$*UTF8*$!
{
	archiveVersion = 1;
	classes = {
	};
	objectVersion = 50;
	objects = {

/* Begin PBXBuildFile section */
		CD31EB7520E7AA8E006030C5 /* AppDelegate.swift in Sources */ = {isa = PBXBuildFile; fileRef = CD31EB7420E7AA8E006030C5 /* AppDelegate.swift */; };
		CD31EB7720E7AA8E006030C5 /* ViewController.swift in Sources */ = {isa = PBXBuildFile; fileRef = CD31EB7620E7AA8E006030C5 /* ViewController.swift */; };
		CD31EB7A20E7AA8E006030C5 /* Main.storyboard in Resources */ = {isa = PBXBuildFile; fileRef = CD31EB7820E7AA8E006030C5 /* Main.storyboard */; };
		CD31EB7C20E7AA8F006030C5 /* Assets.xcassets in Resources */ = {isa = PBXBuildFile; fileRef = CD31EB7B20E7AA8F006030C5 /* Assets.xcassets */; };
		CD31EB7F20E7AA8F006030C5 /* LaunchScreen.storyboard in Resources */ = {isa = PBXBuildFile; fileRef = CD31EB7D20E7AA8F006030C5 /* LaunchScreen.storyboard */; };
		CD31EB8A20E7AA8F006030C5 /* VenuesNearbyTests.swift in Sources */ = {isa = PBXBuildFile; fileRef = CD31EB8920E7AA8F006030C5 /* VenuesNearbyTests.swift */; };
/* End PBXBuildFile section */

/* Begin PBXContainerItemProxy section */
		CD31EB8620E7AA8F006030C5 /* PBXContainerItemProxy */ = {
			isa = PBXContainerItemProxy;
			containerPortal = CD31EB6920E7AA8E006030C5 /* Project object */;
			proxyType = 1;
			remoteGlobalIDString = CD31EB7020E7AA8E006030C5;
			remoteInfo = VenuesNearby;
		};
/* End PBXContainerItemProxy section */

/* Begin PBXFileReference section */
		CD31EB7120E7AA8E006030C5 /* VenuesNearby.app */ = {isa = PBXFileReference; explicitFileType = wrapper.application; includeInIndex = 0; path = VenuesNearby.app; sourceTree = BUILT_PRODUCTS_DIR; };
		CD31EB7420E7AA8E006030C5 /* AppDelegate.swift */ = {isa = PBXFileReference; lastKnownFileType = sourcecode.swift; path = AppDelegate.swift; sourceTree = "<group>"; };
		CD31EB7620E7AA8E006030C5 /* ViewController.swift */ = {isa = PBXFileReference; lastKnownFileType = sourcecode.swift; path = ViewController.swift; sourceTree = "<group>"; };
		CD31EB7920E7AA8E006030C5 /* Base */ = {isa = PBXFileReference; lastKnownFileType = file.storyboard; name = Base; path = Base.lproj/Main.storyboard; sourceTree = "<group>"; };
		CD31EB7B20E7AA8F006030C5 /* Assets.xcassets */ = {isa = PBXFileReference; lastKnownFileType = folder.assetcatalog; path = Assets.xcassets; sourceTree = "<group>"; };
		CD31EB7E20E7AA8F006030C5 /* Base */ = {isa = PBXFileReference; lastKnownFileType = file.storyboard; name = Base; path = Base.lproj/LaunchScreen.storyboard; sourceTree = "<group>"; };
		CD31EB8020E7AA8F006030C5 /* Info.plist */ = {isa = PBXFileReference; lastKnownFileType = text.plist.xml; path = Info.plist; sourceTree = "<group>"; };
		CD31EB8520E7AA8F006030C5 /* VenuesNearbyTests.xctest */ = {isa = PBXFileReference; explicitFileType = wrapper.cfbundle; includeInIndex = 0; path = VenuesNearbyTests.xctest; sourceTree = BUILT_PRODUCTS_DIR; };
		CD31EB8920E7AA8F006030C5 /* VenuesNearbyTests.swift */ = {isa = PBXFileReference; lastKnownFileType = sourcecode.swift; path = VenuesNearbyTests.swift; sourceTree = "<group>"; };
		CD31EB8B20E7AA8F006030C5 /* Info.plist */ = {isa = PBXFileReference; lastKnownFileType = text.plist.xml; path = Info.plist; sourceTree = "<group>"; };
/* End PBXFileReference section */

/* Begin PBXFrameworksBuildPhase section */
		CD31EB6E20E7AA8E006030C5 /* Frameworks */ = {
			isa = PBXFrameworksBuildPhase;
			buildActionMask = 2147483647;
			files = (
			);
			runOnlyForDeploymentPostprocessing = 0;
		};
		CD31EB8220E7AA8F006030C5 /* Frameworks */ = {
			isa = PBXFrameworksBuildPhase;
			buildActionMask = 2147483647;
			files = (
			);
			runOnlyForDeploymentPostprocessing = 0;
		};
/* End PBXFrameworksBuildPhase section */

/* Begin PBXGroup section */
		CD31EB6820E7AA8E006030C5 = {
			isa = PBXGroup;
			children = (
				CD31EB7320E7AA8E006030C5 /* VenuesNearby */,
				CD31EB8820E7AA8F006030C5 /* VenuesNearbyTests */,
				CD31EB7220E7AA8E006030C5 /* Products */,
			);
			sourceTree = "<group>";
		};
		CD31EB7220E7AA8E006030C5 /* Products */ = {
			isa = PBXGroup;
			children = (
				CD31EB7120E7AA8E006030C5 /* VenuesNearby.app */,
				CD31EB8520E7AA8F006030C5 /* VenuesNearbyTests.xctest */,
			);
			name = Products;
			sourceTree = "<group>";
		};
		CD31EB7320E7AA8E006030C5 /* VenuesNearby */ = {
			isa = PBXGroup;
			children = (
				CD31EB7420E7AA8E006030C5 /* AppDelegate.swift */,
				CD31EB7620E7AA8E006030C5 /* ViewController.swift */,
				CD31EB7820E7AA8E006030C5 /* Main.storyboard */,
				CD31EB7B20E7AA8F006030C5 /* Assets.xcassets */,
				CD31EB7D20E7AA8F006030C5 /* LaunchScreen.storyboard */,
				CD31EB8020E7AA8F006030C5 /* Info.plist */,
			);
			path = VenuesNearby;
			sourceTree = "<group>";
		};
		CD31EB8820E7AA8F006030C5 /* VenuesNearbyTests */ = {
			isa = PBXGroup;
			children = (
				CD31EB8920E7AA8F006030C5 /* VenuesNearbyTests.swift */,
				CD31EB8B20E7AA8F006030C5 /* Info.plist */,
			);
			path = VenuesNearbyTests;
			sourceTree = "<group>";
		};
/* End PBXGroup section */

/* Begin PBXNativeTarget section */
		CD31EB7020E7AA8E006030C5 /* VenuesNearby */ = {
			isa = PBXNativeTarget;
			buildConfigurationList = CD31EB8E20E7AA8F006030C5 /* Build configuration list for PBXNativeTarget "VenuesNearby" */;
			buildPhases = (
				CD31EB6D20E7AA8E006030C5 /* Sources */,
				CD31EB6E20E7AA8E006030C5 /* Frameworks */,
				CD31EB6F20E7AA8E006030C5 /* Resources */,
			);
			buildRules = (
			);
			dependencies = (
			);
			name = VenuesNearby;
			productName = VenuesNearby;
			productReference = CD31EB7120E7AA8E006030C5 /* VenuesNearby.app */;
			productType = "com.apple.product-type.application";
		};
		CD31EB8420E7AA8F006030C5 /* VenuesNearbyTests */ = {
			isa = PBXNativeTarget;
			buildConfigurationList = CD31EB9120E7AA8F006030C5 /* Build configuration list for PBXNativeTarget "VenuesNearbyTests" */;
			buildPhases = (
				CD31EB8120E7AA8F006030C5 /* Sources */,
				CD31EB8220E7AA8F006030C5 /* Frameworks */,
				CD31EB8320E7AA8F006030C5 /* Resources */,
			);
			buildRules = (
			);
			dependencies = (
				CD31EB8720E7AA8F006030C5 /* PBXTargetDependency */,
			);
			name = VenuesNearbyTests;
			productName = VenuesNearbyTests;
			productReference = CD31EB8520E7AA8F006030C5 /* VenuesNearbyTests.xctest */;
			productType = "com.apple.product-type.bundle.unit-test";
		};
/* End PBXNativeTarget section */

/* Begin PBXProject section */
		CD31EB6920E7AA8E006030C5 /* Project object */ = {
			isa = PBXProject;
			attributes = {
				LastSwiftUpdateCheck = 0930;
				LastUpgradeCheck = 0930;
				ORGANIZATIONNAME = "Soheil Novinfard";
				TargetAttributes = {
					CD31EB7020E7AA8E006030C5 = {
						CreatedOnToolsVersion = 9.3;
					};
					CD31EB8420E7AA8F006030C5 = {
						CreatedOnToolsVersion = 9.3;
						TestTargetID = CD31EB7020E7AA8E006030C5;
					};
				};
			};
			buildConfigurationList = CD31EB6C20E7AA8E006030C5 /* Build configuration list for PBXProject "VenuesNearby" */;
			compatibilityVersion = "Xcode 9.3";
			developmentRegion = en;
			hasScannedForEncodings = 0;
			knownRegions = (
				en,
				Base,
			);
			mainGroup = CD31EB6820E7AA8E006030C5;
			productRefGroup = CD31EB7220E7AA8E006030C5 /* Products */;
			projectDirPath = "";
			projectRoot = "";
			targets = (
				CD31EB7020E7AA8E006030C5 /* VenuesNearby */,
				CD31EB8420E7AA8F006030C5 /* VenuesNearbyTests */,
			);
		};
/* End PBXProject section */

/* Begin PBXResourcesBuildPhase section */
		CD31EB6F20E7AA8E006030C5 /* Resources */ = {
			isa = PBXResourcesBuildPhase;
			buildActionMask = 2147483647;
			files = (
				CD31EB7F20E7AA8F006030C5 /* LaunchScreen.storyboard in Resources */,
				CD31EB7C20E7AA8F006030C5 /* Assets.xcassets in Resources */,
				CD31EB7A20E7AA8E006030C5 /* Main.storyboard in Resources */,
			);
			runOnlyForDeploymentPostprocessing = 0;
		};
		CD31EB8320E7AA8F006030C5 /* Resources */ = {
			isa = PBXResourcesBuildPhase;
			buildActionMask = 2147483647;
			files = (
			);
			runOnlyForDeploymentPostprocessing = 0;
		};
/* End PBXResourcesBuildPhase section */

/* Begin PBXSourcesBuildPhase section */
		CD31EB6D20E7AA8E006030C5 /* Sources */ = {
			isa = PBXSourcesBuildPhase;
			buildActionMask = 2147483647;
			files = (
				CD31EB7720E7AA8E006030C5 /* ViewController.swift in Sources */,
				CD31EB7520E7AA8E006030C5 /* AppDelegate.swift in Sources */,
			);
			runOnlyForDeploymentPostprocessing = 0;
		};
		CD31EB8120E7AA8F006030C5 /* Sources */ = {
			isa = PBXSourcesBuildPhase;
			buildActionMask = 2147483647;
			files = (
				CD31EB8A20E7AA8F006030C5 /* VenuesNearbyTests.swift in Sources */,
			);
			runOnlyForDeploymentPostprocessing = 0;
		};
/* End PBXSourcesBuildPhase section */

/* Begin PBXTargetDependency section */
		CD31EB8720E7AA8F006030C5 /* PBXTargetDependency */ = {
			isa = PBXTargetDependency;
			target = CD31EB7020E7AA8E006030C5 /* VenuesNearby */;
			targetProxy = CD31EB8620E7AA8F006030C5 /* PBXContainerItemProxy */;
		};
/* End PBXTargetDependency section */

/* Begin PBXVariantGroup section */
		CD31EB7820E7AA8E006030C5 /* Main.storyboard */ = {
			isa = PBXVariantGroup;
			children = (
				CD31EB7920E7AA8E006030C5 /* Base */,
			);
			name = Main.storyboard;
			sourceTree = "<group>";
		};
		CD31EB7D20E7AA8F006030C5 /* LaunchScreen.storyboard */ = {
			isa = PBXVariantGroup;
			children = (
				CD31EB7E20E7AA8F006030C5 /* Base */,
			);
			name = LaunchScreen.storyboard;
			sourceTree = "<group>";
		};
/* End PBXVariantGroup section */

/* Begin XCBuildConfiguration section */
		CD31EB8C20E7AA8F006030C5 /* Debug */ = {
			isa = XCBuildConfiguration;
			buildSettings = {
				ALWAYS_SEARCH_USER_PATHS = NO;
				CLANG_ANALYZER_NONNULL = YES;
				CLANG_ANALYZER_NUMBER_OBJECT_CONVERSION = YES_AGGRESSIVE;
				CLANG_CXX_LANGUAGE_STANDARD = "gnu++14";
				CLANG_CXX_LIBRARY = "libc++";
				CLANG_ENABLE_MODULES = YES;
				CLANG_ENABLE_OBJC_ARC = YES;
				CLANG_ENABLE_OBJC_WEAK = YES;
				CLANG_WARN_BLOCK_CAPTURE_AUTORELEASING = YES;
				CLANG_WARN_BOOL_CONVERSION = YES;
				CLANG_WARN_COMMA = YES;
				CLANG_WARN_CONSTANT_CONVERSION = YES;
				CLANG_WARN_DEPRECATED_OBJC_IMPLEMENTATIONS = YES;
				CLANG_WARN_DIRECT_OBJC_ISA_USAGE = YES_ERROR;
				CLANG_WARN_DOCUMENTATION_COMMENTS = YES;
				CLANG_WARN_EMPTY_BODY = YES;
				CLANG_WARN_ENUM_CONVERSION = YES;
				CLANG_WARN_INFINITE_RECURSION = YES;
				CLANG_WARN_INT_CONVERSION = YES;
				CLANG_WARN_NON_LITERAL_NULL_CONVERSION = YES;
				CLANG_WARN_OBJC_IMPLICIT_RETAIN_SELF = YES;
				CLANG_WARN_OBJC_LITERAL_CONVERSION = YES;
				CLANG_WARN_OBJC_ROOT_CLASS = YES_ERROR;
				CLANG_WARN_RANGE_LOOP_ANALYSIS = YES;
				CLANG_WARN_STRICT_PROTOTYPES = YES;
				CLANG_WARN_SUSPICIOUS_MOVE = YES;
				CLANG_WARN_UNGUARDED_AVAILABILITY = YES_AGGRESSIVE;
				CLANG_WARN_UNREACHABLE_CODE = YES;
				CLANG_WARN__DUPLICATE_METHOD_MATCH = YES;
				CODE_SIGN_IDENTITY = "iPhone Developer";
				COPY_PHASE_STRIP = NO;
				DEBUG_INFORMATION_FORMAT = dwarf;
				ENABLE_STRICT_OBJC_MSGSEND = YES;
				ENABLE_TESTABILITY = YES;
				GCC_C_LANGUAGE_STANDARD = gnu11;
				GCC_DYNAMIC_NO_PIC = NO;
				GCC_NO_COMMON_BLOCKS = YES;
				GCC_OPTIMIZATION_LEVEL = 0;
				GCC_PREPROCESSOR_DEFINITIONS = (
					"DEBUG=1",
					"$(inherited)",
				);
				GCC_WARN_64_TO_32_BIT_CONVERSION = YES;
				GCC_WARN_ABOUT_RETURN_TYPE = YES_ERROR;
				GCC_WARN_UNDECLARED_SELECTOR = YES;
				GCC_WARN_UNINITIALIZED_AUTOS = YES_AGGRESSIVE;
				GCC_WARN_UNUSED_FUNCTION = YES;
				GCC_WARN_UNUSED_VARIABLE = YES;
				IPHONEOS_DEPLOYMENT_TARGET = 11.3;
				MTL_ENABLE_DEBUG_INFO = YES;
				ONLY_ACTIVE_ARCH = YES;
				SDKROOT = iphoneos;
				SWIFT_ACTIVE_COMPILATION_CONDITIONS = DEBUG;
				SWIFT_OPTIMIZATION_LEVEL = "-Onone";
			};
			name = Debug;
		};
		CD31EB8D20E7AA8F006030C5 /* Release */ = {
			isa = XCBuildConfiguration;
			buildSettings = {
				ALWAYS_SEARCH_USER_PATHS = NO;
				CLANG_ANALYZER_NONNULL = YES;
				CLANG_ANALYZER_NUMBER_OBJECT_CONVERSION = YES_AGGRESSIVE;
				CLANG_CXX_LANGUAGE_STANDARD = "gnu++14";
				CLANG_CXX_LIBRARY = "libc++";
				CLANG_ENABLE_MODULES = YES;
				CLANG_ENABLE_OBJC_ARC = YES;
				CLANG_ENABLE_OBJC_WEAK = YES;
				CLANG_WARN_BLOCK_CAPTURE_AUTORELEASING = YES;
				CLANG_WARN_BOOL_CONVERSION = YES;
				CLANG_WARN_COMMA = YES;
				CLANG_WARN_CONSTANT_CONVERSION = YES;
				CLANG_WARN_DEPRECATED_OBJC_IMPLEMENTATIONS = YES;
				CLANG_WARN_DIRECT_OBJC_ISA_USAGE = YES_ERROR;
				CLANG_WARN_DOCUMENTATION_COMMENTS = YES;
				CLANG_WARN_EMPTY_BODY = YES;
				CLANG_WARN_ENUM_CONVERSION = YES;
				CLANG_WARN_INFINITE_RECURSION = YES;
				CLANG_WARN_INT_CONVERSION = YES;
				CLANG_WARN_NON_LITERAL_NULL_CONVERSION = YES;
				CLANG_WARN_OBJC_IMPLICIT_RETAIN_SELF = YES;
				CLANG_WARN_OBJC_LITERAL_CONVERSION = YES;
				CLANG_WARN_OBJC_ROOT_CLASS = YES_ERROR;
				CLANG_WARN_RANGE_LOOP_ANALYSIS = YES;
				CLANG_WARN_STRICT_PROTOTYPES = YES;
				CLANG_WARN_SUSPICIOUS_MOVE = YES;
				CLANG_WARN_UNGUARDED_AVAILABILITY = YES_AGGRESSIVE;
				CLANG_WARN_UNREACHABLE_CODE = YES;
				CLANG_WARN__DUPLICATE_METHOD_MATCH = YES;
				CODE_SIGN_IDENTITY = "iPhone Developer";
				COPY_PHASE_STRIP = NO;
				DEBUG_INFORMATION_FORMAT = "dwarf-with-dsym";
				ENABLE_NS_ASSERTIONS = NO;
				ENABLE_STRICT_OBJC_MSGSEND = YES;
				GCC_C_LANGUAGE_STANDARD = gnu11;
				GCC_NO_COMMON_BLOCKS = YES;
				GCC_WARN_64_TO_32_BIT_CONVERSION = YES;
				GCC_WARN_ABOUT_RETURN_TYPE = YES_ERROR;
				GCC_WARN_UNDECLARED_SELECTOR = YES;
				GCC_WARN_UNINITIALIZED_AUTOS = YES_AGGRESSIVE;
				GCC_WARN_UNUSED_FUNCTION = YES;
				GCC_WARN_UNUSED_VARIABLE = YES;
				IPHONEOS_DEPLOYMENT_TARGET = 11.3;
				MTL_ENABLE_DEBUG_INFO = NO;
				SDKROOT = iphoneos;
				SWIFT_COMPILATION_MODE = wholemodule;
				SWIFT_OPTIMIZATION_LEVEL = "-O";
				VALIDATE_PRODUCT = YES;
			};
			name = Release;
		};
		CD31EB8F20E7AA8F006030C5 /* Debug */ = {
			isa = XCBuildConfiguration;
			buildSettings = {
				ASSETCATALOG_COMPILER_APPICON_NAME = AppIcon;
				CODE_SIGN_STYLE = Automatic;
				DEVELOPMENT_TEAM = VQ3DDEUQ7K;
				INFOPLIST_FILE = VenuesNearby/Info.plist;
				LD_RUNPATH_SEARCH_PATHS = (
					"$(inherited)",
					"@executable_path/Frameworks",
				);
				PRODUCT_BUNDLE_IDENTIFIER = com.novinfard.VenuesNearby;
				PRODUCT_NAME = "$(TARGET_NAME)";
				SWIFT_VERSION = 4.0;
				TARGETED_DEVICE_FAMILY = "1,2";
			};
			name = Debug;
		};
		CD31EB9020E7AA8F006030C5 /* Release */ = {
			isa = XCBuildConfiguration;
			buildSettings = {
				ASSETCATALOG_COMPILER_APPICON_NAME = AppIcon;
				CODE_SIGN_STYLE = Automatic;
				DEVELOPMENT_TEAM = VQ3DDEUQ7K;
				INFOPLIST_FILE = VenuesNearby/Info.plist;
				LD_RUNPATH_SEARCH_PATHS = (
					"$(inherited)",
					"@executable_path/Frameworks",
				);
				PRODUCT_BUNDLE_IDENTIFIER = com.novinfard.VenuesNearby;
				PRODUCT_NAME = "$(TARGET_NAME)";
				SWIFT_VERSION = 4.0;
				TARGETED_DEVICE_FAMILY = "1,2";
			};
			name = Release;
		};
		CD31EB9220E7AA8F006030C5 /* Debug */ = {
			isa = XCBuildConfiguration;
			buildSettings = {
				ALWAYS_EMBED_SWIFT_STANDARD_LIBRARIES = YES;
				BUNDLE_LOADER = "$(TEST_HOST)";
				CODE_SIGN_STYLE = Automatic;
				DEVELOPMENT_TEAM = VQ3DDEUQ7K;
				INFOPLIST_FILE = VenuesNearbyTests/Info.plist;
				LD_RUNPATH_SEARCH_PATHS = (
					"$(inherited)",
					"@executable_path/Frameworks",
					"@loader_path/Frameworks",
				);
				PRODUCT_BUNDLE_IDENTIFIER = com.novinfard.VenuesNearbyTests;
				PRODUCT_NAME = "$(TARGET_NAME)";
				SWIFT_VERSION = 4.0;
				TARGETED_DEVICE_FAMILY = "1,2";
				TEST_HOST = "$(BUILT_PRODUCTS_DIR)/VenuesNearby.app/VenuesNearby";
			};
			name = Debug;
		};
		CD31EB9320E7AA8F006030C5 /* Release */ = {
			isa = XCBuildConfiguration;
			buildSettings = {
				ALWAYS_EMBED_SWIFT_STANDARD_LIBRARIES = YES;
				BUNDLE_LOADER = "$(TEST_HOST)";
				CODE_SIGN_STYLE = Automatic;
				DEVELOPMENT_TEAM = VQ3DDEUQ7K;
				INFOPLIST_FILE = VenuesNearbyTests/Info.plist;
				LD_RUNPATH_SEARCH_PATHS = (
					"$(inherited)",
					"@executable_path/Frameworks",
					"@loader_path/Frameworks",
				);
				PRODUCT_BUNDLE_IDENTIFIER = com.novinfard.VenuesNearbyTests;
				PRODUCT_NAME = "$(TARGET_NAME)";
				SWIFT_VERSION = 4.0;
				TARGETED_DEVICE_FAMILY = "1,2";
				TEST_HOST = "$(BUILT_PRODUCTS_DIR)/VenuesNearby.app/VenuesNearby";
			};
			name = Release;
		};
/* End XCBuildConfiguration section */

/* Begin XCConfigurationList section */
		CD31EB6C20E7AA8E006030C5 /* Build configuration list for PBXProject "VenuesNearby" */ = {
			isa = XCConfigurationList;
			buildConfigurations = (
				CD31EB8C20E7AA8F006030C5 /* Debug */,
				CD31EB8D20E7AA8F006030C5 /* Release */,
			);
			defaultConfigurationIsVisible = 0;
			defaultConfigurationName = Release;
		};
		CD31EB8E20E7AA8F006030C5 /* Build configuration list for PBXNativeTarget "VenuesNearby" */ = {
			isa = XCConfigurationList;
			buildConfigurations = (
				CD31EB8F20E7AA8F006030C5 /* Debug */,
				CD31EB9020E7AA8F006030C5 /* Release */,
			);
			defaultConfigurationIsVisible = 0;
			defaultConfigurationName = Release;
		};
		CD31EB9120E7AA8F006030C5 /* Build configuration list for PBXNativeTarget "VenuesNearbyTests" */ = {
			isa = XCConfigurationList;
			buildConfigurations = (
				CD31EB9220E7AA8F006030C5 /* Debug */,
				CD31EB9320E7AA8F006030C5 /* Release */,
			);
			defaultConfigurationIsVisible = 0;
			defaultConfigurationName = Release;
		};
/* End XCConfigurationList section */
	};
	rootObject = CD31EB6920E7AA8E006030C5 /* Project object */;
}
